// !$*UTF8*$!
{
	archiveVersion = 1;
	classes = {
	};
	objectVersion = 46;
	objects = {

/* Begin PBXBuildFile section */
		CFAC35031EBB0EAE004EB401 /* MrtGuideController.swift in Sources */ = {isa = PBXBuildFile; fileRef = CFAC35021EBB0EAE004EB401 /* MrtGuideController.swift */; };
		CFAC350D1EBB2033004EB401 /* mrt.jpg in Resources */ = {isa = PBXBuildFile; fileRef = CFAC350C1EBB2033004EB401 /* mrt.jpg */; };
		EE329F321EB9A8F600044533 /* StationData.swift in Sources */ = {isa = PBXBuildFile; fileRef = EE329F311EB9A8F600044533 /* StationData.swift */; };
		EE3724351EB6D9BF00BE65FA /* StationDataExtractor.swift in Sources */ = {isa = PBXBuildFile; fileRef = EE3724341EB6D9BF00BE65FA /* StationDataExtractor.swift */; };
		EE3C6C4D1EAF204C0007C327 /* AppDelegate.swift in Sources */ = {isa = PBXBuildFile; fileRef = EE3C6C4C1EAF204C0007C327 /* AppDelegate.swift */; };
		EE3C6C4F1EAF204C0007C327 /* HomeViewController.swift in Sources */ = {isa = PBXBuildFile; fileRef = EE3C6C4E1EAF204C0007C327 /* HomeViewController.swift */; };
		EE3C6C511EAF204C0007C327 /* MapViewController.swift in Sources */ = {isa = PBXBuildFile; fileRef = EE3C6C501EAF204C0007C327 /* MapViewController.swift */; };
		EE3C6C541EAF204C0007C327 /* Main.storyboard in Resources */ = {isa = PBXBuildFile; fileRef = EE3C6C521EAF204C0007C327 /* Main.storyboard */; };
		EE3C6C561EAF204C0007C327 /* Assets.xcassets in Resources */ = {isa = PBXBuildFile; fileRef = EE3C6C551EAF204C0007C327 /* Assets.xcassets */; };
		EE3C6C591EAF204C0007C327 /* LaunchScreen.storyboard in Resources */ = {isa = PBXBuildFile; fileRef = EE3C6C571EAF204C0007C327 /* LaunchScreen.storyboard */; };
		EE3C6C641EAF204C0007C327 /* Track_My_MRTTests.swift in Sources */ = {isa = PBXBuildFile; fileRef = EE3C6C631EAF204C0007C327 /* Track_My_MRTTests.swift */; };
		EE3C6C6F1EAF204C0007C327 /* Track_My_MRTUITests.swift in Sources */ = {isa = PBXBuildFile; fileRef = EE3C6C6E1EAF204C0007C327 /* Track_My_MRTUITests.swift */; };
		EE3C6C7D1EB19B0D0007C327 /* RouteViewController.swift in Sources */ = {isa = PBXBuildFile; fileRef = EE3C6C7C1EB19B0D0007C327 /* RouteViewController.swift */; };
		EE3DD51C1EB2F1C000D5C5C0 /* Constants.swift in Sources */ = {isa = PBXBuildFile; fileRef = EE3DD51B1EB2F1C000D5C5C0 /* Constants.swift */; };
		EEE02A281EB9A2EC00EA6047 /* GoogleMaps.framework in Frameworks */ = {isa = PBXBuildFile; fileRef = EEE02A261EB9A2EC00EA6047 /* GoogleMaps.framework */; };
		EEE02A291EB9A2EC00EA6047 /* GoogleMapsCore.framework in Frameworks */ = {isa = PBXBuildFile; fileRef = EEE02A271EB9A2EC00EA6047 /* GoogleMapsCore.framework */; };
		EEE02A2B1EB9A30D00EA6047 /* GoogleMapsBase.framework in Frameworks */ = {isa = PBXBuildFile; fileRef = EEE02A2A1EB9A30D00EA6047 /* GoogleMapsBase.framework */; };
		EEE02A2D1EB9A36500EA6047 /* GoogleMaps.bundle in Resources */ = {isa = PBXBuildFile; fileRef = EEE02A2C1EB9A36500EA6047 /* GoogleMaps.bundle */; };
		EEE02A2F1EB9A3A100EA6047 /* Accelerate.framework in Frameworks */ = {isa = PBXBuildFile; fileRef = EEE02A2E1EB9A3A100EA6047 /* Accelerate.framework */; };
		EEE02A311EB9A3A800EA6047 /* AVFoundation.framework in Frameworks */ = {isa = PBXBuildFile; fileRef = EEE02A301EB9A3A800EA6047 /* AVFoundation.framework */; };
		EEE02A331EB9A3B800EA6047 /* CoreData.framework in Frameworks */ = {isa = PBXBuildFile; fileRef = EEE02A321EB9A3B800EA6047 /* CoreData.framework */; };
		EEE02A351EB9A3C100EA6047 /* CoreLocation.framework in Frameworks */ = {isa = PBXBuildFile; fileRef = EEE02A341EB9A3C100EA6047 /* CoreLocation.framework */; };
		EEE02A371EB9A3D400EA6047 /* CoreText.framework in Frameworks */ = {isa = PBXBuildFile; fileRef = EEE02A361EB9A3D400EA6047 /* CoreText.framework */; };
		EEE02A3A1EB9A3E700EA6047 /* GLKit.framework in Frameworks */ = {isa = PBXBuildFile; fileRef = EEE02A381EB9A3E700EA6047 /* GLKit.framework */; };
		EEE02A3B1EB9A3E700EA6047 /* OpenGLES.framework in Frameworks */ = {isa = PBXBuildFile; fileRef = EEE02A391EB9A3E700EA6047 /* OpenGLES.framework */; };
		EEE02A3D1EB9A40900EA6047 /* ImageIO.framework in Frameworks */ = {isa = PBXBuildFile; fileRef = EEE02A3C1EB9A40900EA6047 /* ImageIO.framework */; };
		EEE02A3F1EB9A42600EA6047 /* QuartzCore.framework in Frameworks */ = {isa = PBXBuildFile; fileRef = EEE02A3E1EB9A42600EA6047 /* QuartzCore.framework */; };
		EEE02A411EB9A44B00EA6047 /* SystemConfiguration.framework in Frameworks */ = {isa = PBXBuildFile; fileRef = EEE02A401EB9A44B00EA6047 /* SystemConfiguration.framework */; };
		EEE02A431EB9A47600EA6047 /* libc++.tbd in Frameworks */ = {isa = PBXBuildFile; fileRef = EEE02A421EB9A47600EA6047 /* libc++.tbd */; };
		EEE02A451EB9A48800EA6047 /* libicucore.tbd in Frameworks */ = {isa = PBXBuildFile; fileRef = EEE02A441EB9A48800EA6047 /* libicucore.tbd */; };
		EEE02A471EB9A49800EA6047 /* libz.tbd in Frameworks */ = {isa = PBXBuildFile; fileRef = EEE02A461EB9A49800EA6047 /* libz.tbd */; };
		EEE02A491EB9D37200EA6047 /* RouteModel.swift in Sources */ = {isa = PBXBuildFile; fileRef = EEE02A481EB9D37200EA6047 /* RouteModel.swift */; };
		EEE02A4B1EB9D3EE00EA6047 /* MrtTabController.swift in Sources */ = {isa = PBXBuildFile; fileRef = EEE02A4A1EB9D3EE00EA6047 /* MrtTabController.swift */; };
		EEE0EA191EB87B8B0088042D /* libsqlite3.tbd in Frameworks */ = {isa = PBXBuildFile; fileRef = EEE0EA181EB87B8B0088042D /* libsqlite3.tbd */; };
		EEE0EA1C1EB87C060088042D /* TrackMyMrt-Bridging-Header.m in Sources */ = {isa = PBXBuildFile; fileRef = EEE0EA1B1EB87C060088042D /* TrackMyMrt-Bridging-Header.m */; };
		EEE0EA1E1EB87C630088042D /* DbHandler.swift in Sources */ = {isa = PBXBuildFile; fileRef = EEE0EA1D1EB87C630088042D /* DbHandler.swift */; };
		EEE0EA221EB885E70088042D /* stations.json in Resources */ = {isa = PBXBuildFile; fileRef = EEE0EA211EB885E70088042D /* stations.json */; };
		EEE1D44E1EB342DF005F8A3A /* CustomStationCell.swift in Sources */ = {isa = PBXBuildFile; fileRef = EEE1D44D1EB342DF005F8A3A /* CustomStationCell.swift */; };
		EEE1E6FC1EB8AEF900A41075 /* distancefare.json in Resources */ = {isa = PBXBuildFile; fileRef = EEE1E6FB1EB8AEF900A41075 /* distancefare.json */; };
/* End PBXBuildFile section */

/* Begin PBXContainerItemProxy section */
		EE3C6C601EAF204C0007C327 /* PBXContainerItemProxy */ = {
			isa = PBXContainerItemProxy;
			containerPortal = EE3C6C411EAF204C0007C327 /* Project object */;
			proxyType = 1;
			remoteGlobalIDString = EE3C6C481EAF204C0007C327;
			remoteInfo = "Track My MRT";
		};
		EE3C6C6B1EAF204C0007C327 /* PBXContainerItemProxy */ = {
			isa = PBXContainerItemProxy;
			containerPortal = EE3C6C411EAF204C0007C327 /* Project object */;
			proxyType = 1;
			remoteGlobalIDString = EE3C6C481EAF204C0007C327;
			remoteInfo = "Track My MRT";
		};
/* End PBXContainerItemProxy section */

/* Begin PBXFileReference section */
		CFAC35021EBB0EAE004EB401 /* MrtGuideController.swift */ = {isa = PBXFileReference; fileEncoding = 4; lastKnownFileType = sourcecode.swift; path = MrtGuideController.swift; sourceTree = "<group>"; };
		CFAC350C1EBB2033004EB401 /* mrt.jpg */ = {isa = PBXFileReference; lastKnownFileType = image.jpeg; path = mrt.jpg; sourceTree = "<group>"; };
		EE329F311EB9A8F600044533 /* StationData.swift */ = {isa = PBXFileReference; fileEncoding = 4; lastKnownFileType = sourcecode.swift; path = StationData.swift; sourceTree = "<group>"; };
		EE3724341EB6D9BF00BE65FA /* StationDataExtractor.swift */ = {isa = PBXFileReference; fileEncoding = 4; lastKnownFileType = sourcecode.swift; path = StationDataExtractor.swift; sourceTree = "<group>"; };
		EE3C6C491EAF204C0007C327 /* Track My MRT.app */ = {isa = PBXFileReference; explicitFileType = wrapper.application; includeInIndex = 0; path = "Track My MRT.app"; sourceTree = BUILT_PRODUCTS_DIR; };
		EE3C6C4C1EAF204C0007C327 /* AppDelegate.swift */ = {isa = PBXFileReference; lastKnownFileType = sourcecode.swift; path = AppDelegate.swift; sourceTree = "<group>"; };
		EE3C6C4E1EAF204C0007C327 /* HomeViewController.swift */ = {isa = PBXFileReference; lastKnownFileType = sourcecode.swift; path = HomeViewController.swift; sourceTree = "<group>"; };
		EE3C6C501EAF204C0007C327 /* MapViewController.swift */ = {isa = PBXFileReference; lastKnownFileType = sourcecode.swift; path = MapViewController.swift; sourceTree = "<group>"; };
		EE3C6C531EAF204C0007C327 /* Base */ = {isa = PBXFileReference; lastKnownFileType = file.storyboard; name = Base; path = Base.lproj/Main.storyboard; sourceTree = "<group>"; };
		EE3C6C551EAF204C0007C327 /* Assets.xcassets */ = {isa = PBXFileReference; lastKnownFileType = folder.assetcatalog; path = Assets.xcassets; sourceTree = "<group>"; };
		EE3C6C581EAF204C0007C327 /* Base */ = {isa = PBXFileReference; lastKnownFileType = file.storyboard; name = Base; path = Base.lproj/LaunchScreen.storyboard; sourceTree = "<group>"; };
		EE3C6C5A1EAF204C0007C327 /* Info.plist */ = {isa = PBXFileReference; lastKnownFileType = text.plist.xml; path = Info.plist; sourceTree = "<group>"; };
		EE3C6C5F1EAF204C0007C327 /* Track My MRTTests.xctest */ = {isa = PBXFileReference; explicitFileType = wrapper.cfbundle; includeInIndex = 0; path = "Track My MRTTests.xctest"; sourceTree = BUILT_PRODUCTS_DIR; };
		EE3C6C631EAF204C0007C327 /* Track_My_MRTTests.swift */ = {isa = PBXFileReference; lastKnownFileType = sourcecode.swift; path = Track_My_MRTTests.swift; sourceTree = "<group>"; };
		EE3C6C651EAF204C0007C327 /* Info.plist */ = {isa = PBXFileReference; lastKnownFileType = text.plist.xml; path = Info.plist; sourceTree = "<group>"; };
		EE3C6C6A1EAF204C0007C327 /* Track My MRTUITests.xctest */ = {isa = PBXFileReference; explicitFileType = wrapper.cfbundle; includeInIndex = 0; path = "Track My MRTUITests.xctest"; sourceTree = BUILT_PRODUCTS_DIR; };
		EE3C6C6E1EAF204C0007C327 /* Track_My_MRTUITests.swift */ = {isa = PBXFileReference; lastKnownFileType = sourcecode.swift; path = Track_My_MRTUITests.swift; sourceTree = "<group>"; };
		EE3C6C701EAF204C0007C327 /* Info.plist */ = {isa = PBXFileReference; lastKnownFileType = text.plist.xml; path = Info.plist; sourceTree = "<group>"; };
		EE3C6C7C1EB19B0D0007C327 /* RouteViewController.swift */ = {isa = PBXFileReference; fileEncoding = 4; lastKnownFileType = sourcecode.swift; path = RouteViewController.swift; sourceTree = "<group>"; };
		EE3DD51B1EB2F1C000D5C5C0 /* Constants.swift */ = {isa = PBXFileReference; fileEncoding = 4; lastKnownFileType = sourcecode.swift; path = Constants.swift; sourceTree = "<group>"; };
		EEE02A261EB9A2EC00EA6047 /* GoogleMaps.framework */ = {isa = PBXFileReference; lastKnownFileType = wrapper.framework; path = GoogleMaps.framework; sourceTree = "<group>"; };
		EEE02A271EB9A2EC00EA6047 /* GoogleMapsCore.framework */ = {isa = PBXFileReference; lastKnownFileType = wrapper.framework; path = GoogleMapsCore.framework; sourceTree = "<group>"; };
		EEE02A2A1EB9A30D00EA6047 /* GoogleMapsBase.framework */ = {isa = PBXFileReference; lastKnownFileType = wrapper.framework; path = GoogleMapsBase.framework; sourceTree = "<group>"; };
		EEE02A2C1EB9A36500EA6047 /* GoogleMaps.bundle */ = {isa = PBXFileReference; lastKnownFileType = "wrapper.plug-in"; path = GoogleMaps.bundle; sourceTree = "<group>"; };
		EEE02A2E1EB9A3A100EA6047 /* Accelerate.framework */ = {isa = PBXFileReference; lastKnownFileType = wrapper.framework; name = Accelerate.framework; path = System/Library/Frameworks/Accelerate.framework; sourceTree = SDKROOT; };
		EEE02A301EB9A3A800EA6047 /* AVFoundation.framework */ = {isa = PBXFileReference; lastKnownFileType = wrapper.framework; name = AVFoundation.framework; path = System/Library/Frameworks/AVFoundation.framework; sourceTree = SDKROOT; };
		EEE02A321EB9A3B800EA6047 /* CoreData.framework */ = {isa = PBXFileReference; lastKnownFileType = wrapper.framework; name = CoreData.framework; path = System/Library/Frameworks/CoreData.framework; sourceTree = SDKROOT; };
		EEE02A341EB9A3C100EA6047 /* CoreLocation.framework */ = {isa = PBXFileReference; lastKnownFileType = wrapper.framework; name = CoreLocation.framework; path = System/Library/Frameworks/CoreLocation.framework; sourceTree = SDKROOT; };
		EEE02A361EB9A3D400EA6047 /* CoreText.framework */ = {isa = PBXFileReference; lastKnownFileType = wrapper.framework; name = CoreText.framework; path = System/Library/Frameworks/CoreText.framework; sourceTree = SDKROOT; };
		EEE02A381EB9A3E700EA6047 /* GLKit.framework */ = {isa = PBXFileReference; lastKnownFileType = wrapper.framework; name = GLKit.framework; path = System/Library/Frameworks/GLKit.framework; sourceTree = SDKROOT; };
		EEE02A391EB9A3E700EA6047 /* OpenGLES.framework */ = {isa = PBXFileReference; lastKnownFileType = wrapper.framework; name = OpenGLES.framework; path = System/Library/Frameworks/OpenGLES.framework; sourceTree = SDKROOT; };
		EEE02A3C1EB9A40900EA6047 /* ImageIO.framework */ = {isa = PBXFileReference; lastKnownFileType = wrapper.framework; name = ImageIO.framework; path = System/Library/Frameworks/ImageIO.framework; sourceTree = SDKROOT; };
		EEE02A3E1EB9A42600EA6047 /* QuartzCore.framework */ = {isa = PBXFileReference; lastKnownFileType = wrapper.framework; name = QuartzCore.framework; path = System/Library/Frameworks/QuartzCore.framework; sourceTree = SDKROOT; };
		EEE02A401EB9A44B00EA6047 /* SystemConfiguration.framework */ = {isa = PBXFileReference; lastKnownFileType = wrapper.framework; name = SystemConfiguration.framework; path = System/Library/Frameworks/SystemConfiguration.framework; sourceTree = SDKROOT; };
		EEE02A421EB9A47600EA6047 /* libc++.tbd */ = {isa = PBXFileReference; lastKnownFileType = "sourcecode.text-based-dylib-definition"; name = "libc++.tbd"; path = "usr/lib/libc++.tbd"; sourceTree = SDKROOT; };
		EEE02A441EB9A48800EA6047 /* libicucore.tbd */ = {isa = PBXFileReference; lastKnownFileType = "sourcecode.text-based-dylib-definition"; name = libicucore.tbd; path = usr/lib/libicucore.tbd; sourceTree = SDKROOT; };
		EEE02A461EB9A49800EA6047 /* libz.tbd */ = {isa = PBXFileReference; lastKnownFileType = "sourcecode.text-based-dylib-definition"; name = libz.tbd; path = usr/lib/libz.tbd; sourceTree = SDKROOT; };
		EEE02A481EB9D37200EA6047 /* RouteModel.swift */ = {isa = PBXFileReference; fileEncoding = 4; lastKnownFileType = sourcecode.swift; path = RouteModel.swift; sourceTree = "<group>"; };
		EEE02A4A1EB9D3EE00EA6047 /* MrtTabController.swift */ = {isa = PBXFileReference; fileEncoding = 4; lastKnownFileType = sourcecode.swift; path = MrtTabController.swift; sourceTree = "<group>"; };
		EEE0EA181EB87B8B0088042D /* libsqlite3.tbd */ = {isa = PBXFileReference; lastKnownFileType = "sourcecode.text-based-dylib-definition"; name = libsqlite3.tbd; path = usr/lib/libsqlite3.tbd; sourceTree = SDKROOT; };
		EEE0EA1A1EB87C060088042D /* Track My MRT-Bridging-Header.h */ = {isa = PBXFileReference; lastKnownFileType = sourcecode.c.h; path = "Track My MRT-Bridging-Header.h"; sourceTree = "<group>"; };
		EEE0EA1B1EB87C060088042D /* TrackMyMrt-Bridging-Header.m */ = {isa = PBXFileReference; fileEncoding = 4; lastKnownFileType = sourcecode.c.objc; path = "TrackMyMrt-Bridging-Header.m"; sourceTree = "<group>"; };
		EEE0EA1D1EB87C630088042D /* DbHandler.swift */ = {isa = PBXFileReference; fileEncoding = 4; lastKnownFileType = sourcecode.swift; path = DbHandler.swift; sourceTree = "<group>"; };
		EEE0EA211EB885E70088042D /* stations.json */ = {isa = PBXFileReference; fileEncoding = 4; lastKnownFileType = text.json; path = stations.json; sourceTree = "<group>"; };
		EEE1D44D1EB342DF005F8A3A /* CustomStationCell.swift */ = {isa = PBXFileReference; fileEncoding = 4; lastKnownFileType = sourcecode.swift; path = CustomStationCell.swift; sourceTree = "<group>"; };
		EEE1E6FB1EB8AEF900A41075 /* distancefare.json */ = {isa = PBXFileReference; fileEncoding = 4; lastKnownFileType = text.json; path = distancefare.json; sourceTree = "<group>"; };
/* End PBXFileReference section */

/* Begin PBXFrameworksBuildPhase section */
		EE3C6C461EAF204C0007C327 /* Frameworks */ = {
			isa = PBXFrameworksBuildPhase;
			buildActionMask = 2147483647;
			files = (
				EEE02A471EB9A49800EA6047 /* libz.tbd in Frameworks */,
				EEE02A451EB9A48800EA6047 /* libicucore.tbd in Frameworks */,
				EEE02A431EB9A47600EA6047 /* libc++.tbd in Frameworks */,
				EEE02A411EB9A44B00EA6047 /* SystemConfiguration.framework in Frameworks */,
				EEE02A3F1EB9A42600EA6047 /* QuartzCore.framework in Frameworks */,
				EEE02A3D1EB9A40900EA6047 /* ImageIO.framework in Frameworks */,
				EEE02A3A1EB9A3E700EA6047 /* GLKit.framework in Frameworks */,
				EEE02A3B1EB9A3E700EA6047 /* OpenGLES.framework in Frameworks */,
				EEE02A371EB9A3D400EA6047 /* CoreText.framework in Frameworks */,
				EEE02A351EB9A3C100EA6047 /* CoreLocation.framework in Frameworks */,
				EEE02A331EB9A3B800EA6047 /* CoreData.framework in Frameworks */,
				EEE02A311EB9A3A800EA6047 /* AVFoundation.framework in Frameworks */,
				EEE02A2F1EB9A3A100EA6047 /* Accelerate.framework in Frameworks */,
				EEE02A281EB9A2EC00EA6047 /* GoogleMaps.framework in Frameworks */,
				EEE02A2B1EB9A30D00EA6047 /* GoogleMapsBase.framework in Frameworks */,
				EEE02A291EB9A2EC00EA6047 /* GoogleMapsCore.framework in Frameworks */,
				EEE0EA191EB87B8B0088042D /* libsqlite3.tbd in Frameworks */,
			);
			runOnlyForDeploymentPostprocessing = 0;
		};
		EE3C6C5C1EAF204C0007C327 /* Frameworks */ = {
			isa = PBXFrameworksBuildPhase;
			buildActionMask = 2147483647;
			files = (
			);
			runOnlyForDeploymentPostprocessing = 0;
		};
		EE3C6C671EAF204C0007C327 /* Frameworks */ = {
			isa = PBXFrameworksBuildPhase;
			buildActionMask = 2147483647;
			files = (
			);
			runOnlyForDeploymentPostprocessing = 0;
		};
/* End PBXFrameworksBuildPhase section */

/* Begin PBXGroup section */
		EE3C6C401EAF204C0007C327 = {
			isa = PBXGroup;
			children = (
				EE3C6C4B1EAF204C0007C327 /* Track My MRT */,
				EE3C6C621EAF204C0007C327 /* Track My MRTTests */,
				EE3C6C6D1EAF204C0007C327 /* Track My MRTUITests */,
				EE3C6C4A1EAF204C0007C327 /* Products */,
				EEE0EA171EB87B8A0088042D /* Frameworks */,
			);
			sourceTree = "<group>";
		};
		EE3C6C4A1EAF204C0007C327 /* Products */ = {
			isa = PBXGroup;
			children = (
				EE3C6C491EAF204C0007C327 /* Track My MRT.app */,
				EE3C6C5F1EAF204C0007C327 /* Track My MRTTests.xctest */,
				EE3C6C6A1EAF204C0007C327 /* Track My MRTUITests.xctest */,
			);
			name = Products;
			sourceTree = "<group>";
		};
		EE3C6C4B1EAF204C0007C327 /* Track My MRT */ = {
			isa = PBXGroup;
			children = (
				CFAC350C1EBB2033004EB401 /* mrt.jpg */,
				EEE1E6FB1EB8AEF900A41075 /* distancefare.json */,
				EEE0EA211EB885E70088042D /* stations.json */,
				EE3724341EB6D9BF00BE65FA /* StationDataExtractor.swift */,
				EE3C6C4C1EAF204C0007C327 /* AppDelegate.swift */,
				EE3C6C4E1EAF204C0007C327 /* HomeViewController.swift */,
				CFAC35021EBB0EAE004EB401 /* MrtGuideController.swift */,
				EE3C6C501EAF204C0007C327 /* MapViewController.swift */,
				EE3C6C7C1EB19B0D0007C327 /* RouteViewController.swift */,
				EEE02A4A1EB9D3EE00EA6047 /* MrtTabController.swift */,
				EE3C6C521EAF204C0007C327 /* Main.storyboard */,
				EEE02A2C1EB9A36500EA6047 /* GoogleMaps.bundle */,
				EEE02A2A1EB9A30D00EA6047 /* GoogleMapsBase.framework */,
				EEE02A261EB9A2EC00EA6047 /* GoogleMaps.framework */,
				EEE02A271EB9A2EC00EA6047 /* GoogleMapsCore.framework */,
				EE3C6C551EAF204C0007C327 /* Assets.xcassets */,
				EE3C6C571EAF204C0007C327 /* LaunchScreen.storyboard */,
				EE3C6C5A1EAF204C0007C327 /* Info.plist */,
				EE3DD51B1EB2F1C000D5C5C0 /* Constants.swift */,
				EEE1D44D1EB342DF005F8A3A /* CustomStationCell.swift */,
				EEE0EA1B1EB87C060088042D /* TrackMyMrt-Bridging-Header.m */,
				EEE0EA1A1EB87C060088042D /* Track My MRT-Bridging-Header.h */,
				EEE0EA1D1EB87C630088042D /* DbHandler.swift */,
				EE329F311EB9A8F600044533 /* StationData.swift */,
				EEE02A481EB9D37200EA6047 /* RouteModel.swift */,
			);
			path = "Track My MRT";
			sourceTree = "<group>";
		};
		EE3C6C621EAF204C0007C327 /* Track My MRTTests */ = {
			isa = PBXGroup;
			children = (
				EE3C6C631EAF204C0007C327 /* Track_My_MRTTests.swift */,
				EE3C6C651EAF204C0007C327 /* Info.plist */,
			);
			path = "Track My MRTTests";
			sourceTree = "<group>";
		};
		EE3C6C6D1EAF204C0007C327 /* Track My MRTUITests */ = {
			isa = PBXGroup;
			children = (
				EE3C6C6E1EAF204C0007C327 /* Track_My_MRTUITests.swift */,
				EE3C6C701EAF204C0007C327 /* Info.plist */,
			);
			path = "Track My MRTUITests";
			sourceTree = "<group>";
		};
		EEE0EA171EB87B8A0088042D /* Frameworks */ = {
			isa = PBXGroup;
			children = (
				EEE02A461EB9A49800EA6047 /* libz.tbd */,
				EEE02A441EB9A48800EA6047 /* libicucore.tbd */,
				EEE02A421EB9A47600EA6047 /* libc++.tbd */,
				EEE02A401EB9A44B00EA6047 /* SystemConfiguration.framework */,
				EEE02A3E1EB9A42600EA6047 /* QuartzCore.framework */,
				EEE02A3C1EB9A40900EA6047 /* ImageIO.framework */,
				EEE02A381EB9A3E700EA6047 /* GLKit.framework */,
				EEE02A391EB9A3E700EA6047 /* OpenGLES.framework */,
				EEE02A361EB9A3D400EA6047 /* CoreText.framework */,
				EEE02A341EB9A3C100EA6047 /* CoreLocation.framework */,
				EEE02A321EB9A3B800EA6047 /* CoreData.framework */,
				EEE02A301EB9A3A800EA6047 /* AVFoundation.framework */,
				EEE02A2E1EB9A3A100EA6047 /* Accelerate.framework */,
				EEE0EA181EB87B8B0088042D /* libsqlite3.tbd */,
			);
			name = Frameworks;
			sourceTree = "<group>";
		};
/* End PBXGroup section */

/* Begin PBXNativeTarget section */
		EE3C6C481EAF204C0007C327 /* Track My MRT */ = {
			isa = PBXNativeTarget;
			buildConfigurationList = EE3C6C731EAF204C0007C327 /* Build configuration list for PBXNativeTarget "Track My MRT" */;
			buildPhases = (
				EE3C6C451EAF204C0007C327 /* Sources */,
				EE3C6C461EAF204C0007C327 /* Frameworks */,
				EE3C6C471EAF204C0007C327 /* Resources */,
			);
			buildRules = (
			);
			dependencies = (
			);
			name = "Track My MRT";
			productName = "Track My MRT";
			productReference = EE3C6C491EAF204C0007C327 /* Track My MRT.app */;
			productType = "com.apple.product-type.application";
		};
		EE3C6C5E1EAF204C0007C327 /* Track My MRTTests */ = {
			isa = PBXNativeTarget;
			buildConfigurationList = EE3C6C761EAF204C0007C327 /* Build configuration list for PBXNativeTarget "Track My MRTTests" */;
			buildPhases = (
				EE3C6C5B1EAF204C0007C327 /* Sources */,
				EE3C6C5C1EAF204C0007C327 /* Frameworks */,
				EE3C6C5D1EAF204C0007C327 /* Resources */,
			);
			buildRules = (
			);
			dependencies = (
				EE3C6C611EAF204C0007C327 /* PBXTargetDependency */,
			);
			name = "Track My MRTTests";
			productName = "Track My MRTTests";
			productReference = EE3C6C5F1EAF204C0007C327 /* Track My MRTTests.xctest */;
			productType = "com.apple.product-type.bundle.unit-test";
		};
		EE3C6C691EAF204C0007C327 /* Track My MRTUITests */ = {
			isa = PBXNativeTarget;
			buildConfigurationList = EE3C6C791EAF204C0007C327 /* Build configuration list for PBXNativeTarget "Track My MRTUITests" */;
			buildPhases = (
				EE3C6C661EAF204C0007C327 /* Sources */,
				EE3C6C671EAF204C0007C327 /* Frameworks */,
				EE3C6C681EAF204C0007C327 /* Resources */,
			);
			buildRules = (
			);
			dependencies = (
				EE3C6C6C1EAF204C0007C327 /* PBXTargetDependency */,
			);
			name = "Track My MRTUITests";
			productName = "Track My MRTUITests";
			productReference = EE3C6C6A1EAF204C0007C327 /* Track My MRTUITests.xctest */;
			productType = "com.apple.product-type.bundle.ui-testing";
		};
/* End PBXNativeTarget section */

/* Begin PBXProject section */
		EE3C6C411EAF204C0007C327 /* Project object */ = {
			isa = PBXProject;
			attributes = {
				LastSwiftUpdateCheck = 0830;
				LastUpgradeCheck = 0830;
				ORGANIZATIONNAME = "Team-FT03";
				TargetAttributes = {
					EE3C6C481EAF204C0007C327 = {
						CreatedOnToolsVersion = 8.3;
						DevelopmentTeam = 8ZJ3899656;
						LastSwiftMigration = 0820;
						ProvisioningStyle = Automatic;
					};
					EE3C6C5E1EAF204C0007C327 = {
						CreatedOnToolsVersion = 8.3;
						ProvisioningStyle = Automatic;
						TestTargetID = EE3C6C481EAF204C0007C327;
					};
					EE3C6C691EAF204C0007C327 = {
						CreatedOnToolsVersion = 8.3;
						ProvisioningStyle = Automatic;
						TestTargetID = EE3C6C481EAF204C0007C327;
					};
				};
			};
			buildConfigurationList = EE3C6C441EAF204C0007C327 /* Build configuration list for PBXProject "Track My MRT" */;
			compatibilityVersion = "Xcode 3.2";
			developmentRegion = English;
			hasScannedForEncodings = 0;
			knownRegions = (
				en,
				Base,
			);
			mainGroup = EE3C6C401EAF204C0007C327;
			productRefGroup = EE3C6C4A1EAF204C0007C327 /* Products */;
			projectDirPath = "";
			projectRoot = "";
			targets = (
				EE3C6C481EAF204C0007C327 /* Track My MRT */,
				EE3C6C5E1EAF204C0007C327 /* Track My MRTTests */,
				EE3C6C691EAF204C0007C327 /* Track My MRTUITests */,
			);
		};
/* End PBXProject section */

/* Begin PBXResourcesBuildPhase section */
		EE3C6C471EAF204C0007C327 /* Resources */ = {
			isa = PBXResourcesBuildPhase;
			buildActionMask = 2147483647;
			files = (
				EE3C6C591EAF204C0007C327 /* LaunchScreen.storyboard in Resources */,
				EE3C6C561EAF204C0007C327 /* Assets.xcassets in Resources */,
				EEE0EA221EB885E70088042D /* stations.json in Resources */,
				EEE1E6FC1EB8AEF900A41075 /* distancefare.json in Resources */,
				EE3C6C541EAF204C0007C327 /* Main.storyboard in Resources */,
				EEE02A2D1EB9A36500EA6047 /* GoogleMaps.bundle in Resources */,
				CFAC350D1EBB2033004EB401 /* mrt.jpg in Resources */,
			);
			runOnlyForDeploymentPostprocessing = 0;
		};
		EE3C6C5D1EAF204C0007C327 /* Resources */ = {
			isa = PBXResourcesBuildPhase;
			buildActionMask = 2147483647;
			files = (
			);
			runOnlyForDeploymentPostprocessing = 0;
		};
		EE3C6C681EAF204C0007C327 /* Resources */ = {
			isa = PBXResourcesBuildPhase;
			buildActionMask = 2147483647;
			files = (
			);
			runOnlyForDeploymentPostprocessing = 0;
		};
/* End PBXResourcesBuildPhase section */

/* Begin PBXSourcesBuildPhase section */
		EE3C6C451EAF204C0007C327 /* Sources */ = {
			isa = PBXSourcesBuildPhase;
			buildActionMask = 2147483647;
			files = (
				EEE1D44E1EB342DF005F8A3A /* CustomStationCell.swift in Sources */,
				EE3C6C511EAF204C0007C327 /* MapViewController.swift in Sources */,
				EE3C6C4D1EAF204C0007C327 /* AppDelegate.swift in Sources */,
				EEE02A4B1EB9D3EE00EA6047 /* MrtTabController.swift in Sources */,
				EEE02A491EB9D37200EA6047 /* RouteModel.swift in Sources */,
				EE3C6C7D1EB19B0D0007C327 /* RouteViewController.swift in Sources */,
				EE329F321EB9A8F600044533 /* StationData.swift in Sources */,
				EE3C6C4F1EAF204C0007C327 /* HomeViewController.swift in Sources */,
				EEE0EA1E1EB87C630088042D /* DbHandler.swift in Sources */,
				EE3724351EB6D9BF00BE65FA /* StationDataExtractor.swift in Sources */,
				EEE0EA1C1EB87C060088042D /* TrackMyMrt-Bridging-Header.m in Sources */,
				CFAC35031EBB0EAE004EB401 /* MrtGuideController.swift in Sources */,
				EE3DD51C1EB2F1C000D5C5C0 /* Constants.swift in Sources */,
			);
			runOnlyForDeploymentPostprocessing = 0;
		};
		EE3C6C5B1EAF204C0007C327 /* Sources */ = {
			isa = PBXSourcesBuildPhase;
			buildActionMask = 2147483647;
			files = (
				EE3C6C641EAF204C0007C327 /* Track_My_MRTTests.swift in Sources */,
			);
			runOnlyForDeploymentPostprocessing = 0;
		};
		EE3C6C661EAF204C0007C327 /* Sources */ = {
			isa = PBXSourcesBuildPhase;
			buildActionMask = 2147483647;
			files = (
				EE3C6C6F1EAF204C0007C327 /* Track_My_MRTUITests.swift in Sources */,
			);
			runOnlyForDeploymentPostprocessing = 0;
		};
/* End PBXSourcesBuildPhase section */

/* Begin PBXTargetDependency section */
		EE3C6C611EAF204C0007C327 /* PBXTargetDependency */ = {
			isa = PBXTargetDependency;
			target = EE3C6C481EAF204C0007C327 /* Track My MRT */;
			targetProxy = EE3C6C601EAF204C0007C327 /* PBXContainerItemProxy */;
		};
		EE3C6C6C1EAF204C0007C327 /* PBXTargetDependency */ = {
			isa = PBXTargetDependency;
			target = EE3C6C481EAF204C0007C327 /* Track My MRT */;
			targetProxy = EE3C6C6B1EAF204C0007C327 /* PBXContainerItemProxy */;
		};
/* End PBXTargetDependency section */

/* Begin PBXVariantGroup section */
		EE3C6C521EAF204C0007C327 /* Main.storyboard */ = {
			isa = PBXVariantGroup;
			children = (
				EE3C6C531EAF204C0007C327 /* Base */,
			);
			name = Main.storyboard;
			sourceTree = "<group>";
		};
		EE3C6C571EAF204C0007C327 /* LaunchScreen.storyboard */ = {
			isa = PBXVariantGroup;
			children = (
				EE3C6C581EAF204C0007C327 /* Base */,
			);
			name = LaunchScreen.storyboard;
			sourceTree = "<group>";
		};
/* End PBXVariantGroup section */

/* Begin XCBuildConfiguration section */
		EE3C6C711EAF204C0007C327 /* Debug */ = {
			isa = XCBuildConfiguration;
			buildSettings = {
				ALWAYS_SEARCH_USER_PATHS = NO;
				CLANG_ANALYZER_NONNULL = YES;
				CLANG_ANALYZER_NUMBER_OBJECT_CONVERSION = YES_AGGRESSIVE;
				CLANG_CXX_LANGUAGE_STANDARD = "gnu++0x";
				CLANG_CXX_LIBRARY = "libc++";
				CLANG_ENABLE_MODULES = YES;
				CLANG_ENABLE_OBJC_ARC = YES;
				CLANG_WARN_BOOL_CONVERSION = YES;
				CLANG_WARN_CONSTANT_CONVERSION = YES;
				CLANG_WARN_DIRECT_OBJC_ISA_USAGE = YES_ERROR;
				CLANG_WARN_DOCUMENTATION_COMMENTS = YES;
				CLANG_WARN_EMPTY_BODY = YES;
				CLANG_WARN_ENUM_CONVERSION = YES;
				CLANG_WARN_INFINITE_RECURSION = YES;
				CLANG_WARN_INT_CONVERSION = YES;
				CLANG_WARN_OBJC_ROOT_CLASS = YES_ERROR;
				CLANG_WARN_SUSPICIOUS_MOVE = YES;
				CLANG_WARN_UNREACHABLE_CODE = YES;
				CLANG_WARN__DUPLICATE_METHOD_MATCH = YES;
				"CODE_SIGN_IDENTITY[sdk=iphoneos*]" = "iPhone Developer";
				COPY_PHASE_STRIP = NO;
				DEBUG_INFORMATION_FORMAT = dwarf;
				ENABLE_STRICT_OBJC_MSGSEND = YES;
				ENABLE_TESTABILITY = YES;
				GCC_C_LANGUAGE_STANDARD = gnu99;
				GCC_DYNAMIC_NO_PIC = NO;
				GCC_NO_COMMON_BLOCKS = YES;
				GCC_OPTIMIZATION_LEVEL = 0;
				GCC_PREPROCESSOR_DEFINITIONS = (
					"DEBUG=1",
					"$(inherited)",
				);
				GCC_WARN_64_TO_32_BIT_CONVERSION = YES;
				GCC_WARN_ABOUT_RETURN_TYPE = YES_ERROR;
				GCC_WARN_UNDECLARED_SELECTOR = YES;
				GCC_WARN_UNINITIALIZED_AUTOS = YES_AGGRESSIVE;
				GCC_WARN_UNUSED_FUNCTION = YES;
				GCC_WARN_UNUSED_VARIABLE = YES;
				IPHONEOS_DEPLOYMENT_TARGET = 10.3;
				MTL_ENABLE_DEBUG_INFO = YES;
				ONLY_ACTIVE_ARCH = YES;
				SDKROOT = iphoneos;
				SWIFT_ACTIVE_COMPILATION_CONDITIONS = DEBUG;
				SWIFT_OPTIMIZATION_LEVEL = "-Onone";
				TARGETED_DEVICE_FAMILY = "1,2";
			};
			name = Debug;
		};
		EE3C6C721EAF204C0007C327 /* Release */ = {
			isa = XCBuildConfiguration;
			buildSettings = {
				ALWAYS_SEARCH_USER_PATHS = NO;
				CLANG_ANALYZER_NONNULL = YES;
				CLANG_ANALYZER_NUMBER_OBJECT_CONVERSION = YES_AGGRESSIVE;
				CLANG_CXX_LANGUAGE_STANDARD = "gnu++0x";
				CLANG_CXX_LIBRARY = "libc++";
				CLANG_ENABLE_MODULES = YES;
				CLANG_ENABLE_OBJC_ARC = YES;
				CLANG_WARN_BOOL_CONVERSION = YES;
				CLANG_WARN_CONSTANT_CONVERSION = YES;
				CLANG_WARN_DIRECT_OBJC_ISA_USAGE = YES_ERROR;
				CLANG_WARN_DOCUMENTATION_COMMENTS = YES;
				CLANG_WARN_EMPTY_BODY = YES;
				CLANG_WARN_ENUM_CONVERSION = YES;
				CLANG_WARN_INFINITE_RECURSION = YES;
				CLANG_WARN_INT_CONVERSION = YES;
				CLANG_WARN_OBJC_ROOT_CLASS = YES_ERROR;
				CLANG_WARN_SUSPICIOUS_MOVE = YES;
				CLANG_WARN_UNREACHABLE_CODE = YES;
				CLANG_WARN__DUPLICATE_METHOD_MATCH = YES;
				"CODE_SIGN_IDENTITY[sdk=iphoneos*]" = "iPhone Developer";
				COPY_PHASE_STRIP = NO;
				DEBUG_INFORMATION_FORMAT = "dwarf-with-dsym";
				ENABLE_NS_ASSERTIONS = NO;
				ENABLE_STRICT_OBJC_MSGSEND = YES;
				GCC_C_LANGUAGE_STANDARD = gnu99;
				GCC_NO_COMMON_BLOCKS = YES;
				GCC_WARN_64_TO_32_BIT_CONVERSION = YES;
				GCC_WARN_ABOUT_RETURN_TYPE = YES_ERROR;
				GCC_WARN_UNDECLARED_SELECTOR = YES;
				GCC_WARN_UNINITIALIZED_AUTOS = YES_AGGRESSIVE;
				GCC_WARN_UNUSED_FUNCTION = YES;
				GCC_WARN_UNUSED_VARIABLE = YES;
				IPHONEOS_DEPLOYMENT_TARGET = 10.3;
				MTL_ENABLE_DEBUG_INFO = NO;
				SDKROOT = iphoneos;
				SWIFT_OPTIMIZATION_LEVEL = "-Owholemodule";
				TARGETED_DEVICE_FAMILY = "1,2";
				VALIDATE_PRODUCT = YES;
			};
			name = Release;
		};
		EE3C6C741EAF204C0007C327 /* Debug */ = {
			isa = XCBuildConfiguration;
			buildSettings = {
				ASSETCATALOG_COMPILER_APPICON_NAME = AppIcon;
				CLANG_ENABLE_MODULES = YES;
				DEVELOPMENT_TEAM = 8ZJ3899656;
				FRAMEWORK_SEARCH_PATHS = (
					"$(inherited)",
					"$(PROJECT_DIR)/Track\\ My\\ MRT",
					"$(PROJECT_DIR)/Track\\ My\\ MRT",
					"$(PROJECT_DIR)/Track\\ My\\ MRT",
				);
				INFOPLIST_FILE = "Track My MRT/Info.plist";
				IPHONEOS_DEPLOYMENT_TARGET = 10.3;
				LD_RUNPATH_SEARCH_PATHS = "$(inherited) @executable_path/Frameworks";
				OTHER_LDFLAGS = "-ObjC";
				PRODUCT_BUNDLE_IDENTIFIER = "sg.edu.nus.iss.wlad.FT03.Track-My-MRT";
				PRODUCT_NAME = "$(TARGET_NAME)";
				SWIFT_OBJC_BRIDGING_HEADER = "Track My MRT/Track My MRT-Bridging-Header.h";
				SWIFT_OPTIMIZATION_LEVEL = "-Onone";
				SWIFT_VERSION = 3.0;
			};
			name = Debug;
		};
		EE3C6C751EAF204C0007C327 /* Release */ = {
			isa = XCBuildConfiguration;
			buildSettings = {
				ASSETCATALOG_COMPILER_APPICON_NAME = AppIcon;
				CLANG_ENABLE_MODULES = YES;
				DEVELOPMENT_TEAM = 8ZJ3899656;
				FRAMEWORK_SEARCH_PATHS = (
					"$(inherited)",
					"$(PROJECT_DIR)/Track\\ My\\ MRT",
					"$(PROJECT_DIR)/Track\\ My\\ MRT",
					"$(PROJECT_DIR)/Track\\ My\\ MRT",
				);
				INFOPLIST_FILE = "Track My MRT/Info.plist";
				IPHONEOS_DEPLOYMENT_TARGET = 10.3;
				LD_RUNPATH_SEARCH_PATHS = "$(inherited) @executable_path/Frameworks";
				OTHER_LDFLAGS = "-ObjC";
				PRODUCT_BUNDLE_IDENTIFIER = "sg.edu.nus.iss.wlad.FT03.Track-My-MRT";
				PRODUCT_NAME = "$(TARGET_NAME)";
				SWIFT_OBJC_BRIDGING_HEADER = "Track My MRT/Track My MRT-Bridging-Header.h";
				SWIFT_VERSION = 3.0;
			};
			name = Release;
		};
		EE3C6C771EAF204C0007C327 /* Debug */ = {
			isa = XCBuildConfiguration;
			buildSettings = {
				ALWAYS_EMBED_SWIFT_STANDARD_LIBRARIES = YES;
				BUNDLE_LOADER = "$(TEST_HOST)";
				INFOPLIST_FILE = "Track My MRTTests/Info.plist";
				LD_RUNPATH_SEARCH_PATHS = "$(inherited) @executable_path/Frameworks @loader_path/Frameworks";
				PRODUCT_BUNDLE_IDENTIFIER = "sg.edu.nus.iss.wlad.FT03.Track-My-MRTTests";
				PRODUCT_NAME = "$(TARGET_NAME)";
				SWIFT_VERSION = 3.0;
				TEST_HOST = "$(BUILT_PRODUCTS_DIR)/Track My MRT.app/Track My MRT";
			};
			name = Debug;
		};
		EE3C6C781EAF204C0007C327 /* Release */ = {
			isa = XCBuildConfiguration;
			buildSettings = {
				ALWAYS_EMBED_SWIFT_STANDARD_LIBRARIES = YES;
				BUNDLE_LOADER = "$(TEST_HOST)";
				INFOPLIST_FILE = "Track My MRTTests/Info.plist";
				LD_RUNPATH_SEARCH_PATHS = "$(inherited) @executable_path/Frameworks @loader_path/Frameworks";
				PRODUCT_BUNDLE_IDENTIFIER = "sg.edu.nus.iss.wlad.FT03.Track-My-MRTTests";
				PRODUCT_NAME = "$(TARGET_NAME)";
				SWIFT_VERSION = 3.0;
				TEST_HOST = "$(BUILT_PRODUCTS_DIR)/Track My MRT.app/Track My MRT";
			};
			name = Release;
		};
		EE3C6C7A1EAF204C0007C327 /* Debug */ = {
			isa = XCBuildConfiguration;
			buildSettings = {
				ALWAYS_EMBED_SWIFT_STANDARD_LIBRARIES = YES;
				INFOPLIST_FILE = "Track My MRTUITests/Info.plist";
				LD_RUNPATH_SEARCH_PATHS = "$(inherited) @executable_path/Frameworks @loader_path/Frameworks";
				PRODUCT_BUNDLE_IDENTIFIER = "sg.edu.nus.iss.wlad.FT03.Track-My-MRTUITests";
				PRODUCT_NAME = "$(TARGET_NAME)";
				SWIFT_VERSION = 3.0;
				TEST_TARGET_NAME = "Track My MRT";
			};
			name = Debug;
		};
		EE3C6C7B1EAF204C0007C327 /* Release */ = {
			isa = XCBuildConfiguration;
			buildSettings = {
				ALWAYS_EMBED_SWIFT_STANDARD_LIBRARIES = YES;
				INFOPLIST_FILE = "Track My MRTUITests/Info.plist";
				LD_RUNPATH_SEARCH_PATHS = "$(inherited) @executable_path/Frameworks @loader_path/Frameworks";
				PRODUCT_BUNDLE_IDENTIFIER = "sg.edu.nus.iss.wlad.FT03.Track-My-MRTUITests";
				PRODUCT_NAME = "$(TARGET_NAME)";
				SWIFT_VERSION = 3.0;
				TEST_TARGET_NAME = "Track My MRT";
			};
			name = Release;
		};
/* End XCBuildConfiguration section */

/* Begin XCConfigurationList section */
		EE3C6C441EAF204C0007C327 /* Build configuration list for PBXProject "Track My MRT" */ = {
			isa = XCConfigurationList;
			buildConfigurations = (
				EE3C6C711EAF204C0007C327 /* Debug */,
				EE3C6C721EAF204C0007C327 /* Release */,
			);
			defaultConfigurationIsVisible = 0;
			defaultConfigurationName = Release;
		};
		EE3C6C731EAF204C0007C327 /* Build configuration list for PBXNativeTarget "Track My MRT" */ = {
			isa = XCConfigurationList;
			buildConfigurations = (
				EE3C6C741EAF204C0007C327 /* Debug */,
				EE3C6C751EAF204C0007C327 /* Release */,
			);
			defaultConfigurationIsVisible = 0;
			defaultConfigurationName = Release;
		};
		EE3C6C761EAF204C0007C327 /* Build configuration list for PBXNativeTarget "Track My MRTTests" */ = {
			isa = XCConfigurationList;
			buildConfigurations = (
				EE3C6C771EAF204C0007C327 /* Debug */,
				EE3C6C781EAF204C0007C327 /* Release */,
			);
			defaultConfigurationIsVisible = 0;
			defaultConfigurationName = Release;
		};
		EE3C6C791EAF204C0007C327 /* Build configuration list for PBXNativeTarget "Track My MRTUITests" */ = {
			isa = XCConfigurationList;
			buildConfigurations = (
				EE3C6C7A1EAF204C0007C327 /* Debug */,
				EE3C6C7B1EAF204C0007C327 /* Release */,
			);
			defaultConfigurationIsVisible = 0;
			defaultConfigurationName = Release;
		};
/* End XCConfigurationList section */
	};
	rootObject = EE3C6C411EAF204C0007C327 /* Project object */;
}
